
Microsoft Visual Studio Solution File, Format Version 12.00
# Visual Studio 15
VisualStudioVersion = 15.0.27703.2018
MinimumVisualStudioVersion = 10.0.40219.1
Project("{9A19103F-16F7-4668-BE54-9A1E7A4F7556}") = "ASPEntityCore_05_Movie", "ASPEntityCore_05_Movie.csproj", "{7A66C2DD-2EA3-4E9E-A467-B2FDDA552053}"
EndProject
Global
	GlobalSection(SolutionConfigurationPlatforms) = preSolution
		Debug|Any CPU = Debug|Any CPU
		Release|Any CPU = Release|Any CPU
	EndGlobalSection
	GlobalSection(ProjectConfigurationPlatforms) = postSolution
		{7A66C2DD-2EA3-4E9E-A467-B2FDDA552053}.Debug|Any CPU.ActiveCfg = Debug|Any CPU
		{7A66C2DD-2EA3-4E9E-A467-B2FDDA552053}.Debug|Any CPU.Build.0 = Debug|Any CPU
		{7A66C2DD-2EA3-4E9E-A467-B2FDDA552053}.Release|Any CPU.ActiveCfg = Release|Any CPU
		{7A66C2DD-2EA3-4E9E-A467-B2FDDA552053}.Release|Any CPU.Build.0 = Release|Any CPU
	EndGlobalSection
	GlobalSection(SolutionProperties) = preSolution
		HideSolutionNode = FALSE
	EndGlobalSection
	GlobalSection(ExtensibilityGlobals) = postSolution
		SolutionGuid = {0000B0DE-378F-4566-9DC1-55420CAA9BC5}
	EndGlobalSection
EndGlobal
