
Microsoft Visual Studio Solution File, Format Version 12.00
# Visual Studio Version 16
VisualStudioVersion = 16.0.29311.281
MinimumVisualStudioVersion = 10.0.40219.1
Project("{FAE04EC0-301F-11D3-BF4B-00C04F79EFBC}") = "API_2019_09_19_API_Core_From_Scratch", "API_2019_09_19_API_Core_From_Scratch.csproj", "{06D474B3-3A0C-4A06-B5FA-BA314BD45A79}"
EndProject
Global
	GlobalSection(SolutionConfigurationPlatforms) = preSolution
		Debug|Any CPU = Debug|Any CPU
		Release|Any CPU = Release|Any CPU
	EndGlobalSection
	GlobalSection(ProjectConfigurationPlatforms) = postSolution
		{06D474B3-3A0C-4A06-B5FA-BA314BD45A79}.Debug|Any CPU.ActiveCfg = Debug|Any CPU
		{06D474B3-3A0C-4A06-B5FA-BA314BD45A79}.Debug|Any CPU.Build.0 = Debug|Any CPU
		{06D474B3-3A0C-4A06-B5FA-BA314BD45A79}.Release|Any CPU.ActiveCfg = Release|Any CPU
		{06D474B3-3A0C-4A06-B5FA-BA314BD45A79}.Release|Any CPU.Build.0 = Release|Any CPU
	EndGlobalSection
	GlobalSection(SolutionProperties) = preSolution
		HideSolutionNode = FALSE
	EndGlobalSection
	GlobalSection(ExtensibilityGlobals) = postSolution
		SolutionGuid = {EE295687-0F8C-4B70-A1BC-5FBFBC523058}
	EndGlobalSection
EndGlobal
