
Microsoft Visual Studio Solution File, Format Version 12.00
# Visual Studio Version 16
VisualStudioVersion = 16.0.29230.61
MinimumVisualStudioVersion = 10.0.40219.1
Project("{FAE04EC0-301F-11D3-BF4B-00C04F79EFBC}") = "API-2019-09-08-Generate-API-code", "API-2019-09-08-Generate-API-code.csproj", "{8A0B4892-EECC-4853-B8DB-9433A86F62BD}"
EndProject
Global
	GlobalSection(SolutionConfigurationPlatforms) = preSolution
		Debug|Any CPU = Debug|Any CPU
		Release|Any CPU = Release|Any CPU
	EndGlobalSection
	GlobalSection(ProjectConfigurationPlatforms) = postSolution
		{8A0B4892-EECC-4853-B8DB-9433A86F62BD}.Debug|Any CPU.ActiveCfg = Debug|Any CPU
		{8A0B4892-EECC-4853-B8DB-9433A86F62BD}.Debug|Any CPU.Build.0 = Debug|Any CPU
		{8A0B4892-EECC-4853-B8DB-9433A86F62BD}.Release|Any CPU.ActiveCfg = Release|Any CPU
		{8A0B4892-EECC-4853-B8DB-9433A86F62BD}.Release|Any CPU.Build.0 = Release|Any CPU
	EndGlobalSection
	GlobalSection(SolutionProperties) = preSolution
		HideSolutionNode = FALSE
	EndGlobalSection
	GlobalSection(ExtensibilityGlobals) = postSolution
		SolutionGuid = {BF3C6AE7-63FD-495F-84A3-A08788F49351}
	EndGlobalSection
EndGlobal
