
Microsoft Visual Studio Solution File, Format Version 12.00
# Visual Studio Version 16
VisualStudioVersion = 16.0.29721.120
MinimumVisualStudioVersion = 10.0.40219.1
Project("{FAE04EC0-301F-11D3-BF4B-00C04F79EFBC}") = "Hash_Salt_01", "Hash_Salt_01\Hash_Salt_01.csproj", "{17C6E971-2913-4BAD-AE4D-A1E8F8F8DCB7}"
EndProject
Project("{FAE04EC0-301F-11D3-BF4B-00C04F79EFBC}") = "Hash_Salt_02", "Hash_Salt_02\Hash_Salt_02.csproj", "{F76D7249-C5E4-47E7-8689-DFD89F75DA27}"
EndProject
Global
	GlobalSection(SolutionConfigurationPlatforms) = preSolution
		Debug|Any CPU = Debug|Any CPU
		Release|Any CPU = Release|Any CPU
	EndGlobalSection
	GlobalSection(ProjectConfigurationPlatforms) = postSolution
		{17C6E971-2913-4BAD-AE4D-A1E8F8F8DCB7}.Debug|Any CPU.ActiveCfg = Debug|Any CPU
		{17C6E971-2913-4BAD-AE4D-A1E8F8F8DCB7}.Debug|Any CPU.Build.0 = Debug|Any CPU
		{17C6E971-2913-4BAD-AE4D-A1E8F8F8DCB7}.Release|Any CPU.ActiveCfg = Release|Any CPU
		{17C6E971-2913-4BAD-AE4D-A1E8F8F8DCB7}.Release|Any CPU.Build.0 = Release|Any CPU
		{F76D7249-C5E4-47E7-8689-DFD89F75DA27}.Debug|Any CPU.ActiveCfg = Debug|Any CPU
		{F76D7249-C5E4-47E7-8689-DFD89F75DA27}.Debug|Any CPU.Build.0 = Debug|Any CPU
		{F76D7249-C5E4-47E7-8689-DFD89F75DA27}.Release|Any CPU.ActiveCfg = Release|Any CPU
		{F76D7249-C5E4-47E7-8689-DFD89F75DA27}.Release|Any CPU.Build.0 = Release|Any CPU
	EndGlobalSection
	GlobalSection(SolutionProperties) = preSolution
		HideSolutionNode = FALSE
	EndGlobalSection
	GlobalSection(ExtensibilityGlobals) = postSolution
		SolutionGuid = {1552434C-E448-4853-AD2E-3218C1E9739A}
	EndGlobalSection
EndGlobal
