
Microsoft Visual Studio Solution File, Format Version 12.00
# Visual Studio Version 16
VisualStudioVersion = 16.0.30002.166
MinimumVisualStudioVersion = 10.0.40219.1
Project("{9A19103F-16F7-4668-BE54-9A1E7A4F7556}") = "MVC_Core_15_MySQL", "MVC_Core_15_MySQL.csproj", "{134AF5F2-8F46-43FE-B19A-869AFC82419D}"
EndProject
Global
	GlobalSection(SolutionConfigurationPlatforms) = preSolution
		Debug|Any CPU = Debug|Any CPU
		Release|Any CPU = Release|Any CPU
	EndGlobalSection
	GlobalSection(ProjectConfigurationPlatforms) = postSolution
		{134AF5F2-8F46-43FE-B19A-869AFC82419D}.Debug|Any CPU.ActiveCfg = Debug|Any CPU
		{134AF5F2-8F46-43FE-B19A-869AFC82419D}.Debug|Any CPU.Build.0 = Debug|Any CPU
		{134AF5F2-8F46-43FE-B19A-869AFC82419D}.Release|Any CPU.ActiveCfg = Release|Any CPU
		{134AF5F2-8F46-43FE-B19A-869AFC82419D}.Release|Any CPU.Build.0 = Release|Any CPU
	EndGlobalSection
	GlobalSection(SolutionProperties) = preSolution
		HideSolutionNode = FALSE
	EndGlobalSection
	GlobalSection(ExtensibilityGlobals) = postSolution
		SolutionGuid = {9E4F00F4-C55C-46FA-B2FD-8DDA744BF84D}
	EndGlobalSection
EndGlobal
