
Microsoft Visual Studio Solution File, Format Version 12.00
# Visual Studio Version 16
VisualStudioVersion = 16.0.29209.152
MinimumVisualStudioVersion = 10.0.40219.1
Project("{FAE04EC0-301F-11D3-BF4B-00C04F79EFBC}") = "API-2019-09-07-JSON-dot-NET", "API-2019-09-07-JSON-dot-NET.csproj", "{A3E5B059-3D97-4655-BF6D-B321DD8260AF}"
EndProject
Global
	GlobalSection(SolutionConfigurationPlatforms) = preSolution
		Debug|Any CPU = Debug|Any CPU
		Release|Any CPU = Release|Any CPU
	EndGlobalSection
	GlobalSection(ProjectConfigurationPlatforms) = postSolution
		{A3E5B059-3D97-4655-BF6D-B321DD8260AF}.Debug|Any CPU.ActiveCfg = Debug|Any CPU
		{A3E5B059-3D97-4655-BF6D-B321DD8260AF}.Debug|Any CPU.Build.0 = Debug|Any CPU
		{A3E5B059-3D97-4655-BF6D-B321DD8260AF}.Release|Any CPU.ActiveCfg = Release|Any CPU
		{A3E5B059-3D97-4655-BF6D-B321DD8260AF}.Release|Any CPU.Build.0 = Release|Any CPU
	EndGlobalSection
	GlobalSection(SolutionProperties) = preSolution
		HideSolutionNode = FALSE
	EndGlobalSection
	GlobalSection(ExtensibilityGlobals) = postSolution
		SolutionGuid = {CAF55F47-7952-470F-97E4-F64FDA949CDB}
	EndGlobalSection
EndGlobal
