
Microsoft Visual Studio Solution File, Format Version 12.00
# Visual Studio Version 16
VisualStudioVersion = 16.0.28822.285
MinimumVisualStudioVersion = 10.0.40219.1
Project("{FAE04EC0-301F-11D3-BF4B-00C04F79EFBC}") = "ToDo", "ToDo\ToDo.csproj", "{EE6278D6-C296-476B-A470-CE959AC4722E}"
EndProject
Project("{FAE04EC0-301F-11D3-BF4B-00C04F79EFBC}") = "ToDo_01", "ToDo_01\ToDo_01.csproj", "{AB4E75C7-B881-4E4C-A597-5DA7983F94A2}"
EndProject
Project("{FAE04EC0-301F-11D3-BF4B-00C04F79EFBC}") = "ToDo_02", "ToDo_02\ToDo_02.csproj", "{159F83EA-56B8-419B-AD5A-B1B3B06547D1}"
EndProject
Project("{FAE04EC0-301F-11D3-BF4B-00C04F79EFBC}") = "ToDo_03", "ToDo_03\ToDo_03.csproj", "{29A39B87-B52B-45C9-9B46-F65708DF7EED}"
EndProject
Global
	GlobalSection(SolutionConfigurationPlatforms) = preSolution
		Debug|Any CPU = Debug|Any CPU
		Release|Any CPU = Release|Any CPU
	EndGlobalSection
	GlobalSection(ProjectConfigurationPlatforms) = postSolution
		{EE6278D6-C296-476B-A470-CE959AC4722E}.Debug|Any CPU.ActiveCfg = Debug|Any CPU
		{EE6278D6-C296-476B-A470-CE959AC4722E}.Debug|Any CPU.Build.0 = Debug|Any CPU
		{EE6278D6-C296-476B-A470-CE959AC4722E}.Release|Any CPU.ActiveCfg = Release|Any CPU
		{EE6278D6-C296-476B-A470-CE959AC4722E}.Release|Any CPU.Build.0 = Release|Any CPU
		{AB4E75C7-B881-4E4C-A597-5DA7983F94A2}.Debug|Any CPU.ActiveCfg = Debug|Any CPU
		{AB4E75C7-B881-4E4C-A597-5DA7983F94A2}.Debug|Any CPU.Build.0 = Debug|Any CPU
		{AB4E75C7-B881-4E4C-A597-5DA7983F94A2}.Release|Any CPU.ActiveCfg = Release|Any CPU
		{AB4E75C7-B881-4E4C-A597-5DA7983F94A2}.Release|Any CPU.Build.0 = Release|Any CPU
		{159F83EA-56B8-419B-AD5A-B1B3B06547D1}.Debug|Any CPU.ActiveCfg = Debug|Any CPU
		{159F83EA-56B8-419B-AD5A-B1B3B06547D1}.Debug|Any CPU.Build.0 = Debug|Any CPU
		{159F83EA-56B8-419B-AD5A-B1B3B06547D1}.Release|Any CPU.ActiveCfg = Release|Any CPU
		{159F83EA-56B8-419B-AD5A-B1B3B06547D1}.Release|Any CPU.Build.0 = Release|Any CPU
		{29A39B87-B52B-45C9-9B46-F65708DF7EED}.Debug|Any CPU.ActiveCfg = Debug|Any CPU
		{29A39B87-B52B-45C9-9B46-F65708DF7EED}.Debug|Any CPU.Build.0 = Debug|Any CPU
		{29A39B87-B52B-45C9-9B46-F65708DF7EED}.Release|Any CPU.ActiveCfg = Release|Any CPU
		{29A39B87-B52B-45C9-9B46-F65708DF7EED}.Release|Any CPU.Build.0 = Release|Any CPU
	EndGlobalSection
	GlobalSection(SolutionProperties) = preSolution
		HideSolutionNode = FALSE
	EndGlobalSection
	GlobalSection(ExtensibilityGlobals) = postSolution
		SolutionGuid = {E3BDCE1C-6A3B-4372-86FC-3D93CF8AAABF}
	EndGlobalSection
EndGlobal
